
Microsoft Visual Studio Solution File, Format Version 12.00
# Visual Studio Version 17
VisualStudioVersion = 17.5.33424.131
MinimumVisualStudioVersion = 10.0.40219.1
Project("{8BC9CEB8-8B4A-11D0-8D11-00A0C91BC942}") = "ParadigmaOOP_128", "ParadigmaOOP_128\ParadigmaOOP_128.vcxproj", "{E08ACB4A-FB5D-4D22-8CD0-616C7146F666}"
EndProject
Project("{8BC9CEB8-8B4A-11D0-8D11-00A0C91BC942}") = "Asosiasi", "Asosiasi\Asosiasi.vcxproj", "{6FD10DF6-D336-4322-A5B2-5C5E682FCE2F}"
EndProject
Project("{8BC9CEB8-8B4A-11D0-8D11-00A0C91BC942}") = "mainIA", "mainIA\mainIA.vcxproj", "{48882FE4-B85C-4E89-8D4A-89CC0BE186D6}"
EndProject
Project("{8BC9CEB8-8B4A-11D0-8D11-00A0C91BC942}") = "mainJM", "mainJM\mainJM.vcxproj", "{0CB782AE-C4CE-4D7D-9EB7-3AD2474E1E12}"
EndProject
Global
	GlobalSection(SolutionConfigurationPlatforms) = preSolution
		Debug|x64 = Debug|x64
		Debug|x86 = Debug|x86
		Release|x64 = Release|x64
		Release|x86 = Release|x86
	EndGlobalSection
	GlobalSection(ProjectConfigurationPlatforms) = postSolution
		{E08ACB4A-FB5D-4D22-8CD0-616C7146F666}.Debug|x64.ActiveCfg = Debug|x64
		{E08ACB4A-FB5D-4D22-8CD0-616C7146F666}.Debug|x64.Build.0 = Debug|x64
		{E08ACB4A-FB5D-4D22-8CD0-616C7146F666}.Debug|x86.ActiveCfg = Debug|Win32
		{E08ACB4A-FB5D-4D22-8CD0-616C7146F666}.Debug|x86.Build.0 = Debug|Win32
		{E08ACB4A-FB5D-4D22-8CD0-616C7146F666}.Release|x64.ActiveCfg = Release|x64
		{E08ACB4A-FB5D-4D22-8CD0-616C7146F666}.Release|x64.Build.0 = Release|x64
		{E08ACB4A-FB5D-4D22-8CD0-616C7146F666}.Release|x86.ActiveCfg = Release|Win32
		{E08ACB4A-FB5D-4D22-8CD0-616C7146F666}.Release|x86.Build.0 = Release|Win32
		{6FD10DF6-D336-4322-A5B2-5C5E682FCE2F}.Debug|x64.ActiveCfg = Debug|x64
		{6FD10DF6-D336-4322-A5B2-5C5E682FCE2F}.Debug|x64.Build.0 = Debug|x64
		{6FD10DF6-D336-4322-A5B2-5C5E682FCE2F}.Debug|x86.ActiveCfg = Debug|Win32
		{6FD10DF6-D336-4322-A5B2-5C5E682FCE2F}.Debug|x86.Build.0 = Debug|Win32
		{6FD10DF6-D336-4322-A5B2-5C5E682FCE2F}.Release|x64.ActiveCfg = Release|x64
		{6FD10DF6-D336-4322-A5B2-5C5E682FCE2F}.Release|x64.Build.0 = Release|x64
		{6FD10DF6-D336-4322-A5B2-5C5E682FCE2F}.Release|x86.ActiveCfg = Release|Win32
		{6FD10DF6-D336-4322-A5B2-5C5E682FCE2F}.Release|x86.Build.0 = Release|Win32
		{48882FE4-B85C-4E89-8D4A-89CC0BE186D6}.Debug|x64.ActiveCfg = Debug|x64
		{48882FE4-B85C-4E89-8D4A-89CC0BE186D6}.Debug|x64.Build.0 = Debug|x64
		{48882FE4-B85C-4E89-8D4A-89CC0BE186D6}.Debug|x86.ActiveCfg = Debug|Win32
		{48882FE4-B85C-4E89-8D4A-89CC0BE186D6}.Debug|x86.Build.0 = Debug|Win32
		{48882FE4-B85C-4E89-8D4A-89CC0BE186D6}.Release|x64.ActiveCfg = Release|x64
		{48882FE4-B85C-4E89-8D4A-89CC0BE186D6}.Release|x64.Build.0 = Release|x64
		{48882FE4-B85C-4E89-8D4A-89CC0BE186D6}.Release|x86.ActiveCfg = Release|Win32
		{48882FE4-B85C-4E89-8D4A-89CC0BE186D6}.Release|x86.Build.0 = Release|Win32
		{0CB782AE-C4CE-4D7D-9EB7-3AD2474E1E12}.Debug|x64.ActiveCfg = Debug|x64
		{0CB782AE-C4CE-4D7D-9EB7-3AD2474E1E12}.Debug|x64.Build.0 = Debug|x64
		{0CB782AE-C4CE-4D7D-9EB7-3AD2474E1E12}.Debug|x86.ActiveCfg = Debug|Win32
		{0CB782AE-C4CE-4D7D-9EB7-3AD2474E1E12}.Debug|x86.Build.0 = Debug|Win32
		{0CB782AE-C4CE-4D7D-9EB7-3AD2474E1E12}.Release|x64.ActiveCfg = Release|x64
		{0CB782AE-C4CE-4D7D-9EB7-3AD2474E1E12}.Release|x64.Build.0 = Release|x64
		{0CB782AE-C4CE-4D7D-9EB7-3AD2474E1E12}.Release|x86.ActiveCfg = Release|Win32
		{0CB782AE-C4CE-4D7D-9EB7-3AD2474E1E12}.Release|x86.Build.0 = Release|Win32
	EndGlobalSection
	GlobalSection(SolutionProperties) = preSolution
		HideSolutionNode = FALSE
	EndGlobalSection
	GlobalSection(ExtensibilityGlobals) = postSolution
		SolutionGuid = {BDE8FFD1-C901-43A4-8D78-946896BBAAB9}
	EndGlobalSection
EndGlobal
